PackratFormat: 1.4
PackratVersion: 0.9.1
RVersion: 4.1.2
Repos: CRAN=https://cloud.r-project.org

Package: Formula
Source: CRAN
Version: 1.2-4
Hash: 208d48abc33780ec48578c904315e261

Package: Hmisc
Source: CRAN
Version: 4.5-0
Hash: 9a98f10a8366f81f1eb60283f4a8aaf2
Requires: Formula, base64enc, data.table, ggplot2, gridExtra, gtable,
    htmlTable, htmltools, latticeExtra, viridis

Package: R6
Source: CRAN
Version: 2.5.1
Hash: 54378e523d0281f8d38c379484a3b7b5

Package: RColorBrewer
Source: CRAN
Version: 1.1-2
Hash: c0d56cd15034f395874c870141870c25

Package: Rcpp
Source: CRAN
Version: 1.0.7
Hash: 3067a413f1457c3c1d88bf39026b179f

Package: backports
Source: CRAN
Version: 1.2.1
Hash: 15f60618051e1168df663ca73497906b

Package: base64enc
Source: CRAN
Version: 0.1-3
Hash: c590d29e555926af053055e23ee79efb

Package: checkmate
Source: CRAN
Version: 2.0.0
Hash: a3e368141b284ff08e4ef2e97ae01c53
Requires: backports

Package: cli
Source: CRAN
Version: 3.0.1
Hash: 60cf83a88772ada4a5e2493fb1c4070d
Requires: glue

Package: colorspace
Source: CRAN
Version: 2.0-2
Hash: 0e38d18a06e22b1a78ee616bcfa467e1

Package: cpp11
Source: CRAN
Version: 0.3.1
Hash: 226144689a0f42c9809823b1e9b701ac

Package: crayon
Source: CRAN
Version: 1.4.1
Hash: 2e1b6e4b4bc63ebe2aaee1546b871329

Package: data.table
Source: CRAN
Version: 1.14.0
Hash: f606b167539da14e861ff5e145b04525

Package: digest
Source: CRAN
Version: 0.6.27
Hash: 8ba156629c1537635b39332c93d8ed33

Package: dplyr
Source: CRAN
Version: 1.0.7
Hash: 02b805e59eb879df806cda4bdecd1d82
Requires: glue, R6, ellipsis, generics, lifecycle, magrittr, pillar,
    rlang, tibble, tidyselect, vctrs

Package: ellipsis
Source: CRAN
Version: 0.3.2
Hash: b21bfc48556c0c6a93fc9ede6c00cfaf
Requires: rlang

Package: evaluate
Source: CRAN
Version: 0.14
Hash: 18306cc3bc1aec7b7360eea8a0eb0ee1

Package: fansi
Source: CRAN
Version: 0.5.0
Hash: e9c5e9cf18ad59b0c247458927b46d10

Package: farver
Source: CRAN
Version: 2.1.0
Hash: a001f1816f74d0e76e82171eef764a9d

Package: generics
Source: CRAN
Version: 0.1.0
Hash: c265031f21f6435ffaa9633eb64c3095

Package: ggplot2
Source: CRAN
Version: 3.3.5
Hash: b54994f1f414ea1e2ecf978d298e9739
Requires: digest, glue, rlang, tibble, gtable, isoband, scales, withr

Package: glue
Source: CRAN
Version: 1.4.2
Hash: afa798ba9deec3676e20300b79094749

Package: gridExtra
Source: CRAN
Version: 2.3
Hash: fa977bc1aab5588a08123b10ceb1ad3d
Requires: gtable

Package: gtable
Source: CRAN
Version: 0.3.0
Hash: a9e7b0666eb933a0cb36779240b4462e

Package: highr
Source: CRAN
Version: 0.9
Hash: 375daf47b5970a62560496bb8c6b996e
Requires: xfun

Package: htmlTable
Source: CRAN
Version: 2.2.1
Hash: ac81a8533c8b92ed20753ffe975db63c
Requires: checkmate, magrittr, htmltools, htmlwidgets, knitr,
    rstudioapi, stringr

Package: htmltools
Source: CRAN
Version: 0.5.1.1
Hash: 297e3b95a781d9a6fb7259e0f6824020
Requires: base64enc, digest, rlang

Package: htmlwidgets
Source: CRAN
Version: 1.5.3
Hash: 6405f8f000f8a52e0dc2f034b3693fe5
Requires: htmltools, jsonlite, yaml

Package: isoband
Source: CRAN
Version: 0.2.5
Hash: 15170dedd197ee88139ce1845ecce097

Package: jpeg
Source: CRAN
Version: 0.1-9
Hash: 583659e7c6b23e4c1d309a6fc7972174

Package: jsonlite
Source: CRAN
Version: 1.8.4
Hash: c29106be1bd5c4a9dbe3b00858e0d054

Package: knitr
Source: CRAN
Version: 1.33
Hash: 524120cce0a17c3ff73a852a5157374e
Requires: evaluate, highr, xfun, yaml, markdown, stringr

Package: labeling
Source: CRAN
Version: 0.4.2
Hash: 7474c78957f4e01d1dd4c04217eab244

Package: latticeExtra
Source: CRAN
Version: 0.6-29
Hash: fc478c9494a7a44d50099e6578be3e84
Requires: RColorBrewer, jpeg, png

Package: lifecycle
Source: CRAN
Version: 1.0.0
Hash: 0c18dc7a4e21abdc8132b7cac2b5fcb4
Requires: glue, rlang

Package: lubridate
Source: CRAN
Version: 1.7.10
Hash: f9f4d376a40cde22f86adfe874952fd9
Requires: generics, Rcpp

Package: magrittr
Source: CRAN
Version: 2.0.1
Hash: d3c166b0573ae8c918edf7221dfe7380

Package: markdown
Source: CRAN
Version: 1.1
Hash: 1b6a18fd395589425e338a47b999099f
Requires: xfun, mime

Package: mime
Source: CRAN
Version: 0.12
Hash: 98a37137be334916af8af26354bb37e9

Package: mnormt
Source: CRAN
Version: 2.0.2
Hash: a56d486d334c1a57ae60c8ec8a146b8f
Requires: tmvnsim

Package: munsell
Source: CRAN
Version: 0.5.0
Hash: 38d0efee9bb99bef143bde41c4ce715c
Requires: colorspace

Package: packrat
Source: CRAN
Version: 0.9.1
Hash: 7c88a751e2cda67c02db386b07517d4c

Package: pillar
Source: CRAN
Version: 1.6.2
Hash: 586f81c3ce3196625ea62d9562fca172
Requires: cli, crayon, ellipsis, lifecycle, rlang, fansi, utf8, vctrs

Package: pkgconfig
Source: CRAN
Version: 2.0.3
Hash: 5ff5f2361851a49534c96caa2a8071c7

Package: png
Source: CRAN
Version: 0.1-7
Hash: 421d7d6e0fb4bd885ecbd909b6456b8b

Package: psych
Source: CRAN
Version: 2.1.6
Hash: 60b34a727d2f16899cc44f21c424a5b6
Requires: mnormt

Package: purrr
Source: CRAN
Version: 0.3.4
Hash: fb4c0edca61826ca0b5b33c828a7b276
Requires: magrittr, rlang

Package: rlang
Source: CRAN
Version: 0.4.11
Hash: 765f56f2e0697cfd1ad4c9d34e4efedc

Package: rmarkdown
Source: CRAN
Version: 2.10
Hash: 8db335011f34f72690a77ec73d58dd8c
Requires: evaluate, htmltools, jsonlite, knitr, stringr, xfun, yaml,
    tinytex

Package: rstudioapi
Source: CRAN
Version: 0.14
Hash: a4049937fbdde61e65fd0eccdbd182d7

Package: scales
Source: CRAN
Version: 1.1.1
Hash: b67ae9f62ecb8912751eb664055d8f8a
Requires: R6, farver, lifecycle, RColorBrewer, labeling, munsell,
    viridisLite

Package: stringi
Source: CRAN
Version: 1.7.3
Hash: d00b8da08331c5ef3019148f6cc89f39

Package: stringr
Source: CRAN
Version: 1.4.0
Hash: 67da32dbb2a7a16f2ef124336358e54a
Requires: glue, magrittr, stringi

Package: tibble
Source: CRAN
Version: 3.1.4
Hash: 908b2774a1c26b19bc9ace4862e3a379
Requires: ellipsis, fansi, lifecycle, magrittr, pillar, rlang, vctrs,
    pkgconfig

Package: tidyr
Source: CRAN
Version: 1.1.3
Hash: 03aac63d8a5d3bb0ea11584798e2cedd
Requires: cpp11, dplyr, ellipsis, glue, lifecycle, magrittr, purrr,
    rlang, tibble, tidyselect, vctrs

Package: tidyselect
Source: CRAN
Version: 1.1.1
Hash: 6415fa4c6b3b5417aa4d3381845d654c
Requires: ellipsis, glue, rlang, vctrs, purrr

Package: tinytex
Source: CRAN
Version: 0.33
Hash: 49046c5b2c331620c0973f96b95b2a97
Requires: xfun

Package: tmvnsim
Source: CRAN
Version: 1.0-2
Hash: ee9a521f8c9708b62a1f14f8a141cabe

Package: utf8
Source: CRAN
Version: 1.2.2
Hash: ae77ea6ebb503eaa6ee3b7ca80ea4f1b

Package: vctrs
Source: CRAN
Version: 0.3.8
Hash: e2e7a28fd30d8df018965c923afd1195
Requires: ellipsis, glue, rlang

Package: viridis
Source: CRAN
Version: 0.6.1
Hash: 3cb05666dc286ca38433e7ed6064e4c6
Requires: ggplot2, gridExtra, viridisLite

Package: viridisLite
Source: CRAN
Version: 0.4.0
Hash: aeccc8c24d26192f4043be0c69151b96

Package: withr
Source: CRAN
Version: 2.4.2
Hash: 56366c768cead0b9b2b773cf9f16a432

Package: xfun
Source: CRAN
Version: 0.25
Hash: c56edc9462407699fe93dfe8f9ee3a6e

Package: yaml
Source: CRAN
Version: 2.2.1
Hash: 424bc11cc358f23187feaa7978628196
